
Microsoft Visual Studio Solution File, Format Version 12.00
# Visual Studio Version 16
VisualStudioVersion = 16.0.30114.105
MinimumVisualStudioVersion = 10.0.40219.1
Project("{FAE04EC0-301F-11D3-BF4B-00C04F79EFBC}") = "Binance.Client.Websocket.Sample.WinForms", "test_integration\Binance.Client.Websocket.Sample.WinForms\Binance.Client.Websocket.Sample.WinForms.csproj", "{40434847-B21B-42AB-A689-66B81C42100A}"
EndProject
Project("{9A19103F-16F7-4668-BE54-9A1E7A4F7556}") = "Binance.Client.Websocket", "src\Binance.Client.Websocket\Binance.Client.Websocket.csproj", "{9BFC4A01-8D31-4588-B0E5-DB007B13404A}"
EndProject
Global
	GlobalSection(SolutionConfigurationPlatforms) = preSolution
		Debug|Any CPU = Debug|Any CPU
		Release|Any CPU = Release|Any CPU
	EndGlobalSection
	GlobalSection(ProjectConfigurationPlatforms) = postSolution
		{40434847-B21B-42AB-A689-66B81C42100A}.Debug|Any CPU.ActiveCfg = Debug|Any CPU
		{40434847-B21B-42AB-A689-66B81C42100A}.Debug|Any CPU.Build.0 = Debug|Any CPU
		{40434847-B21B-42AB-A689-66B81C42100A}.Release|Any CPU.ActiveCfg = Release|Any CPU
		{40434847-B21B-42AB-A689-66B81C42100A}.Release|Any CPU.Build.0 = Release|Any CPU
		{9BFC4A01-8D31-4588-B0E5-DB007B13404A}.Debug|Any CPU.ActiveCfg = Debug|Any CPU
		{9BFC4A01-8D31-4588-B0E5-DB007B13404A}.Debug|Any CPU.Build.0 = Debug|Any CPU
		{9BFC4A01-8D31-4588-B0E5-DB007B13404A}.Release|Any CPU.ActiveCfg = Release|Any CPU
		{9BFC4A01-8D31-4588-B0E5-DB007B13404A}.Release|Any CPU.Build.0 = Release|Any CPU
	EndGlobalSection
	GlobalSection(SolutionProperties) = preSolution
		HideSolutionNode = FALSE
	EndGlobalSection
	GlobalSection(ExtensibilityGlobals) = postSolution
		SolutionGuid = {63364FC2-1554-4843-A216-C2149916E322}
	EndGlobalSection
EndGlobal
